# This file is automatically @generated by Cargo.
# It is not intended for manual editing.
version = 3

[[package]]
name = "byte_string"
version = "1.0.0"
source = "registry+https://github.com/rust-lang/crates.io-index"
checksum = "11aade7a05aa8c3a351cedc44c3fc45806430543382fcc4743a9b757a2a0b4ed"

[[package]]
name = "rusty-pokemon"
version = "0.1.0"
dependencies = [
 "byte_string",
]
